
Microsoft Visual Studio Solution File, Format Version 12.00
# Visual Studio 15
VisualStudioVersion = 15.0.28307.539
MinimumVisualStudioVersion = 10.0.40219.1
Project("{FAE04EC0-301F-11D3-BF4B-00C04F79EFBC}") = "AlltryItPages", "AlltryItPages\AlltryItPages.csproj", "{2D86C473-43BD-4E8B-BBCF-1E0A78241F08}"
EndProject
Global
	GlobalSection(SolutionConfigurationPlatforms) = preSolution
		Debug|Any CPU = Debug|Any CPU
		Release|Any CPU = Release|Any CPU
	EndGlobalSection
	GlobalSection(ProjectConfigurationPlatforms) = postSolution
		{2D86C473-43BD-4E8B-BBCF-1E0A78241F08}.Debug|Any CPU.ActiveCfg = Debug|Any CPU
		{2D86C473-43BD-4E8B-BBCF-1E0A78241F08}.Debug|Any CPU.Build.0 = Debug|Any CPU
		{2D86C473-43BD-4E8B-BBCF-1E0A78241F08}.Release|Any CPU.ActiveCfg = Release|Any CPU
		{2D86C473-43BD-4E8B-BBCF-1E0A78241F08}.Release|Any CPU.Build.0 = Release|Any CPU
	EndGlobalSection
	GlobalSection(SolutionProperties) = preSolution
		HideSolutionNode = FALSE
	EndGlobalSection
	GlobalSection(ExtensibilityGlobals) = postSolution
		SolutionGuid = {6CFCB2A0-484B-40C7-84C1-EB787EDD6929}
	EndGlobalSection
EndGlobal
