
Microsoft Visual Studio Solution File, Format Version 12.00
# Visual Studio 15
VisualStudioVersion = 15.0.28307.539
MinimumVisualStudioVersion = 10.0.40219.1
Project("{FAE04EC0-301F-11D3-BF4B-00C04F79EFBC}") = "FileUploadService", "FileUploadService\FileUploadService.csproj", "{200D6DC4-F217-42F4-9CBC-8B894706BBF4}"
EndProject
Project("{FAE04EC0-301F-11D3-BF4B-00C04F79EFBC}") = "FileUploadTryIt", "FileUploadTryIt\FileUploadTryIt.csproj", "{1BFFE92D-A730-4747-B3DF-EB68AE525DC5}"
EndProject
Global
	GlobalSection(SolutionConfigurationPlatforms) = preSolution
		Debug|Any CPU = Debug|Any CPU
		Release|Any CPU = Release|Any CPU
	EndGlobalSection
	GlobalSection(ProjectConfigurationPlatforms) = postSolution
		{200D6DC4-F217-42F4-9CBC-8B894706BBF4}.Debug|Any CPU.ActiveCfg = Debug|Any CPU
		{200D6DC4-F217-42F4-9CBC-8B894706BBF4}.Debug|Any CPU.Build.0 = Debug|Any CPU
		{200D6DC4-F217-42F4-9CBC-8B894706BBF4}.Release|Any CPU.ActiveCfg = Release|Any CPU
		{200D6DC4-F217-42F4-9CBC-8B894706BBF4}.Release|Any CPU.Build.0 = Release|Any CPU
		{1BFFE92D-A730-4747-B3DF-EB68AE525DC5}.Debug|Any CPU.ActiveCfg = Debug|Any CPU
		{1BFFE92D-A730-4747-B3DF-EB68AE525DC5}.Debug|Any CPU.Build.0 = Debug|Any CPU
		{1BFFE92D-A730-4747-B3DF-EB68AE525DC5}.Release|Any CPU.ActiveCfg = Release|Any CPU
		{1BFFE92D-A730-4747-B3DF-EB68AE525DC5}.Release|Any CPU.Build.0 = Release|Any CPU
	EndGlobalSection
	GlobalSection(SolutionProperties) = preSolution
		HideSolutionNode = FALSE
	EndGlobalSection
	GlobalSection(ExtensibilityGlobals) = postSolution
		SolutionGuid = {4B2C186F-B795-43F7-B1D0-6E8C39515C93}
	EndGlobalSection
EndGlobal
